
Microsoft Visual Studio Solution File, Format Version 12.00
# Visual Studio Version 17
VisualStudioVersion = 17.2.32630.192
MinimumVisualStudioVersion = 10.0.40219.1
Project("{9A19103F-16F7-4668-BE54-9A1E7A4F7556}") = "FastBurger", "FastBurger\FastBurger.csproj", "{8331815E-14A2-472A-B32B-5194104DCD42}"
EndProject
Global
	GlobalSection(SolutionConfigurationPlatforms) = preSolution
		Debug|Any CPU = Debug|Any CPU
		Release|Any CPU = Release|Any CPU
	EndGlobalSection
	GlobalSection(ProjectConfigurationPlatforms) = postSolution
		{8331815E-14A2-472A-B32B-5194104DCD42}.Debug|Any CPU.ActiveCfg = Debug|Any CPU
		{8331815E-14A2-472A-B32B-5194104DCD42}.Debug|Any CPU.Build.0 = Debug|Any CPU
		{8331815E-14A2-472A-B32B-5194104DCD42}.Release|Any CPU.ActiveCfg = Release|Any CPU
		{8331815E-14A2-472A-B32B-5194104DCD42}.Release|Any CPU.Build.0 = Release|Any CPU
	EndGlobalSection
	GlobalSection(SolutionProperties) = preSolution
		HideSolutionNode = FALSE
	EndGlobalSection
	GlobalSection(ExtensibilityGlobals) = postSolution
		SolutionGuid = {2BF9FC11-7920-4F55-B193-EAC6B10B9A9B}
	EndGlobalSection
EndGlobal
